// !$*UTF8*$!
{
	archiveVersion = 1;
	classes = {
	};
	objectVersion = 46;
	objects = {

/* Begin PBXBuildFile section */
		9335A1E61ECE752400E73843 /* TargetButton.swift in Sources */ = {isa = PBXBuildFile; fileRef = 9335A1E51ECE752400E73843 /* TargetButton.swift */; };
		9335A1E81ECE754500E73843 /* Colors.swift in Sources */ = {isa = PBXBuildFile; fileRef = 9335A1E71ECE754500E73843 /* Colors.swift */; };
		9335A1EA1ECE75AF00E73843 /* ReplacementButton.swift in Sources */ = {isa = PBXBuildFile; fileRef = 9335A1E91ECE75AF00E73843 /* ReplacementButton.swift */; };
		9335A1ED1ECE790400E73843 /* StudentsTableViewCell.swift in Sources */ = {isa = PBXBuildFile; fileRef = 9335A1EC1ECE790400E73843 /* StudentsTableViewCell.swift */; };
		9335A1F01ECE794900E73843 /* StudentsTableViewController.swift in Sources */ = {isa = PBXBuildFile; fileRef = 9335A1EF1ECE794900E73843 /* StudentsTableViewController.swift */; };
		934C797C1ECE39D90003C31C /* AppDelegate.swift in Sources */ = {isa = PBXBuildFile; fileRef = 934C797B1ECE39D90003C31C /* AppDelegate.swift */; };
		934C797E1ECE39D90003C31C /* ViewController.swift in Sources */ = {isa = PBXBuildFile; fileRef = 934C797D1ECE39D90003C31C /* ViewController.swift */; };
		934C79811ECE39D90003C31C /* Main.storyboard in Resources */ = {isa = PBXBuildFile; fileRef = 934C797F1ECE39D90003C31C /* Main.storyboard */; };
		934C79841ECE39D90003C31C /* Pearl.xcdatamodeld in Sources */ = {isa = PBXBuildFile; fileRef = 934C79821ECE39D90003C31C /* Pearl.xcdatamodeld */; };
		934C79861ECE39D90003C31C /* Assets.xcassets in Resources */ = {isa = PBXBuildFile; fileRef = 934C79851ECE39D90003C31C /* Assets.xcassets */; };
		934C79891ECE39D90003C31C /* LaunchScreen.storyboard in Resources */ = {isa = PBXBuildFile; fileRef = 934C79871ECE39D90003C31C /* LaunchScreen.storyboard */; };
		934C79911ECE3AAA0003C31C /* LoginViewController.swift in Sources */ = {isa = PBXBuildFile; fileRef = 934C79901ECE3AAA0003C31C /* LoginViewController.swift */; };
		934C79931ECE3B250003C31C /* KeychainPasswordItem.swift in Sources */ = {isa = PBXBuildFile; fileRef = 934C79921ECE3B250003C31C /* KeychainPasswordItem.swift */; };
/* End PBXBuildFile section */

/* Begin PBXFileReference section */
		9335A1E51ECE752400E73843 /* TargetButton.swift */ = {isa = PBXFileReference; fileEncoding = 4; lastKnownFileType = sourcecode.swift; name = TargetButton.swift; path = Pearl/TargetButton.swift; sourceTree = "<group>"; };
		9335A1E71ECE754500E73843 /* Colors.swift */ = {isa = PBXFileReference; fileEncoding = 4; lastKnownFileType = sourcecode.swift; path = Colors.swift; sourceTree = "<group>"; };
		9335A1E91ECE75AF00E73843 /* ReplacementButton.swift */ = {isa = PBXFileReference; fileEncoding = 4; lastKnownFileType = sourcecode.swift; path = ReplacementButton.swift; sourceTree = "<group>"; };
		9335A1EC1ECE790400E73843 /* StudentsTableViewCell.swift */ = {isa = PBXFileReference; fileEncoding = 4; lastKnownFileType = sourcecode.swift; path = StudentsTableViewCell.swift; sourceTree = "<group>"; };
		9335A1EF1ECE794900E73843 /* StudentsTableViewController.swift */ = {isa = PBXFileReference; fileEncoding = 4; lastKnownFileType = sourcecode.swift; path = StudentsTableViewController.swift; sourceTree = "<group>"; };
		934C79781ECE39D90003C31C /* Pearl.app */ = {isa = PBXFileReference; explicitFileType = wrapper.application; includeInIndex = 0; path = Pearl.app; sourceTree = BUILT_PRODUCTS_DIR; };
		934C797B1ECE39D90003C31C /* AppDelegate.swift */ = {isa = PBXFileReference; lastKnownFileType = sourcecode.swift; path = AppDelegate.swift; sourceTree = "<group>"; };
		934C797D1ECE39D90003C31C /* ViewController.swift */ = {isa = PBXFileReference; lastKnownFileType = sourcecode.swift; path = ViewController.swift; sourceTree = "<group>"; };
		934C79801ECE39D90003C31C /* Base */ = {isa = PBXFileReference; lastKnownFileType = file.storyboard; name = Base; path = Base.lproj/Main.storyboard; sourceTree = "<group>"; };
		934C79831ECE39D90003C31C /* Pearl.xcdatamodel */ = {isa = PBXFileReference; lastKnownFileType = wrapper.xcdatamodel; path = Pearl.xcdatamodel; sourceTree = "<group>"; };
		934C79851ECE39D90003C31C /* Assets.xcassets */ = {isa = PBXFileReference; lastKnownFileType = folder.assetcatalog; path = Assets.xcassets; sourceTree = "<group>"; };
		934C79881ECE39D90003C31C /* Base */ = {isa = PBXFileReference; lastKnownFileType = file.storyboard; name = Base; path = Base.lproj/LaunchScreen.storyboard; sourceTree = "<group>"; };
		934C798A1ECE39D90003C31C /* Info.plist */ = {isa = PBXFileReference; lastKnownFileType = text.plist.xml; path = Info.plist; sourceTree = "<group>"; };
		934C79901ECE3AAA0003C31C /* LoginViewController.swift */ = {isa = PBXFileReference; fileEncoding = 4; lastKnownFileType = sourcecode.swift; path = LoginViewController.swift; sourceTree = "<group>"; };
		934C79921ECE3B250003C31C /* KeychainPasswordItem.swift */ = {isa = PBXFileReference; fileEncoding = 4; lastKnownFileType = sourcecode.swift; path = KeychainPasswordItem.swift; sourceTree = "<group>"; };
/* End PBXFileReference section */

/* Begin PBXFrameworksBuildPhase section */
		934C79751ECE39D90003C31C /* Frameworks */ = {
			isa = PBXFrameworksBuildPhase;
			buildActionMask = 2147483647;
			files = (
			);
			runOnlyForDeploymentPostprocessing = 0;
		};
/* End PBXFrameworksBuildPhase section */

/* Begin PBXGroup section */
		9335A1EB1ECE75C400E73843 /* Button Classes */ = {
			isa = PBXGroup;
			children = (
				9335A1E51ECE752400E73843 /* TargetButton.swift */,
				9335A1E91ECE75AF00E73843 /* ReplacementButton.swift */,
			);
			name = "Button Classes";
			sourceTree = "<group>";
		};
		9335A1EE1ECE791600E73843 /* TableView */ = {
			isa = PBXGroup;
			children = (
				9335A1EC1ECE790400E73843 /* StudentsTableViewCell.swift */,
				9335A1EF1ECE794900E73843 /* StudentsTableViewController.swift */,
			);
			name = TableView;
			sourceTree = "<group>";
		};
		934C796F1ECE39D90003C31C = {
			isa = PBXGroup;
			children = (
				934C797A1ECE39D90003C31C /* Pearl */,
				934C79791ECE39D90003C31C /* Products */,
				934C79921ECE3B250003C31C /* KeychainPasswordItem.swift */,
				9335A1EB1ECE75C400E73843 /* Button Classes */,
				9335A1E71ECE754500E73843 /* Colors.swift */,
			);
			sourceTree = "<group>";
		};
		934C79791ECE39D90003C31C /* Products */ = {
			isa = PBXGroup;
			children = (
				934C79781ECE39D90003C31C /* Pearl.app */,
			);
			name = Products;
			sourceTree = "<group>";
		};
		934C797A1ECE39D90003C31C /* Pearl */ = {
			isa = PBXGroup;
			children = (
				934C797B1ECE39D90003C31C /* AppDelegate.swift */,
				934C797D1ECE39D90003C31C /* ViewController.swift */,
				934C797F1ECE39D90003C31C /* Main.storyboard */,
				9335A1EE1ECE791600E73843 /* TableView */,
				934C79901ECE3AAA0003C31C /* LoginViewController.swift */,
				934C79851ECE39D90003C31C /* Assets.xcassets */,
				934C79871ECE39D90003C31C /* LaunchScreen.storyboard */,
				934C798A1ECE39D90003C31C /* Info.plist */,
				934C79821ECE39D90003C31C /* Pearl.xcdatamodeld */,
			);
			path = Pearl;
			sourceTree = "<group>";
		};
/* End PBXGroup section */

/* Begin PBXNativeTarget section */
		934C79771ECE39D90003C31C /* Pearl */ = {
			isa = PBXNativeTarget;
			buildConfigurationList = 934C798D1ECE39D90003C31C /* Build configuration list for PBXNativeTarget "Pearl" */;
			buildPhases = (
				934C79741ECE39D90003C31C /* Sources */,
				934C79751ECE39D90003C31C /* Frameworks */,
				934C79761ECE39D90003C31C /* Resources */,
			);
			buildRules = (
			);
			dependencies = (
			);
			name = Pearl;
			productName = Pearl;
			productReference = 934C79781ECE39D90003C31C /* Pearl.app */;
			productType = "com.apple.product-type.application";
		};
/* End PBXNativeTarget section */

/* Begin PBXProject section */
		934C79701ECE39D90003C31C /* Project object */ = {
			isa = PBXProject;
			attributes = {
				LastSwiftUpdateCheck = 0830;
				LastUpgradeCheck = 0830;
				ORGANIZATIONNAME = Otter;
				TargetAttributes = {
					934C79771ECE39D90003C31C = {
						CreatedOnToolsVersion = 8.3;
						DevelopmentTeam = 57H4KPM6R2;
						ProvisioningStyle = Automatic;
					};
				};
			};
			buildConfigurationList = 934C79731ECE39D90003C31C /* Build configuration list for PBXProject "Pearl" */;
			compatibilityVersion = "Xcode 3.2";
			developmentRegion = English;
			hasScannedForEncodings = 0;
			knownRegions = (
				en,
				Base,
			);
			mainGroup = 934C796F1ECE39D90003C31C;
			productRefGroup = 934C79791ECE39D90003C31C /* Products */;
			projectDirPath = "";
			projectRoot = "";
			targets = (
				934C79771ECE39D90003C31C /* Pearl */,
			);
		};
/* End PBXProject section */

/* Begin PBXResourcesBuildPhase section */
		934C79761ECE39D90003C31C /* Resources */ = {
			isa = PBXResourcesBuildPhase;
			buildActionMask = 2147483647;
			files = (
				934C79891ECE39D90003C31C /* LaunchScreen.storyboard in Resources */,
				934C79861ECE39D90003C31C /* Assets.xcassets in Resources */,
				934C79811ECE39D90003C31C /* Main.storyboard in Resources */,
			);
			runOnlyForDeploymentPostprocessing = 0;
		};
/* End PBXResourcesBuildPhase section */

/* Begin PBXSourcesBuildPhase section */
		934C79741ECE39D90003C31C /* Sources */ = {
			isa = PBXSourcesBuildPhase;
			buildActionMask = 2147483647;
			files = (
				934C79931ECE3B250003C31C /* KeychainPasswordItem.swift in Sources */,
				934C79911ECE3AAA0003C31C /* LoginViewController.swift in Sources */,
				934C79841ECE39D90003C31C /* Pearl.xcdatamodeld in Sources */,
				9335A1F01ECE794900E73843 /* StudentsTableViewController.swift in Sources */,
				9335A1E81ECE754500E73843 /* Colors.swift in Sources */,
				934C797E1ECE39D90003C31C /* ViewController.swift in Sources */,
				9335A1ED1ECE790400E73843 /* StudentsTableViewCell.swift in Sources */,
				9335A1E61ECE752400E73843 /* TargetButton.swift in Sources */,
				9335A1EA1ECE75AF00E73843 /* ReplacementButton.swift in Sources */,
				934C797C1ECE39D90003C31C /* AppDelegate.swift in Sources */,
			);
			runOnlyForDeploymentPostprocessing = 0;
		};
/* End PBXSourcesBuildPhase section */

/* Begin PBXVariantGroup section */
		934C797F1ECE39D90003C31C /* Main.storyboard */ = {
			isa = PBXVariantGroup;
			children = (
				934C79801ECE39D90003C31C /* Base */,
			);
			name = Main.storyboard;
			sourceTree = "<group>";
		};
		934C79871ECE39D90003C31C /* LaunchScreen.storyboard */ = {
			isa = PBXVariantGroup;
			children = (
				934C79881ECE39D90003C31C /* Base */,
			);
			name = LaunchScreen.storyboard;
			sourceTree = "<group>";
		};
/* End PBXVariantGroup section */

/* Begin XCBuildConfiguration section */
		934C798B1ECE39D90003C31C /* Debug */ = {
			isa = XCBuildConfiguration;
			buildSettings = {
				ALWAYS_SEARCH_USER_PATHS = NO;
				CLANG_ANALYZER_NONNULL = YES;
				CLANG_ANALYZER_NUMBER_OBJECT_CONVERSION = YES_AGGRESSIVE;
				CLANG_CXX_LANGUAGE_STANDARD = "gnu++0x";
				CLANG_CXX_LIBRARY = "libc++";
				CLANG_ENABLE_MODULES = YES;
				CLANG_ENABLE_OBJC_ARC = YES;
				CLANG_WARN_BOOL_CONVERSION = YES;
				CLANG_WARN_CONSTANT_CONVERSION = YES;
				CLANG_WARN_DIRECT_OBJC_ISA_USAGE = YES_ERROR;
				CLANG_WARN_DOCUMENTATION_COMMENTS = YES;
				CLANG_WARN_EMPTY_BODY = YES;
				CLANG_WARN_ENUM_CONVERSION = YES;
				CLANG_WARN_INFINITE_RECURSION = YES;
				CLANG_WARN_INT_CONVERSION = YES;
				CLANG_WARN_OBJC_ROOT_CLASS = YES_ERROR;
				CLANG_WARN_SUSPICIOUS_MOVE = YES;
				CLANG_WARN_UNREACHABLE_CODE = YES;
				CLANG_WARN__DUPLICATE_METHOD_MATCH = YES;
				"CODE_SIGN_IDENTITY[sdk=iphoneos*]" = "iPhone Developer";
				COPY_PHASE_STRIP = NO;
				DEBUG_INFORMATION_FORMAT = dwarf;
				ENABLE_STRICT_OBJC_MSGSEND = YES;
				ENABLE_TESTABILITY = YES;
				GCC_C_LANGUAGE_STANDARD = gnu99;
				GCC_DYNAMIC_NO_PIC = NO;
				GCC_NO_COMMON_BLOCKS = YES;
				GCC_OPTIMIZATION_LEVEL = 0;
				GCC_PREPROCESSOR_DEFINITIONS = (
					"DEBUG=1",
					"$(inherited)",
				);
				GCC_WARN_64_TO_32_BIT_CONVERSION = YES;
				GCC_WARN_ABOUT_RETURN_TYPE = YES_ERROR;
				GCC_WARN_UNDECLARED_SELECTOR = YES;
				GCC_WARN_UNINITIALIZED_AUTOS = YES_AGGRESSIVE;
				GCC_WARN_UNUSED_FUNCTION = YES;
				GCC_WARN_UNUSED_VARIABLE = YES;
				IPHONEOS_DEPLOYMENT_TARGET = 10.3;
				MTL_ENABLE_DEBUG_INFO = YES;
				ONLY_ACTIVE_ARCH = YES;
				SDKROOT = iphoneos;
				SWIFT_ACTIVE_COMPILATION_CONDITIONS = DEBUG;
				SWIFT_OPTIMIZATION_LEVEL = "-Onone";
				TARGETED_DEVICE_FAMILY = "1,2";
			};
			name = Debug;
		};
		934C798C1ECE39D90003C31C /* Release */ = {
			isa = XCBuildConfiguration;
			buildSettings = {
				ALWAYS_SEARCH_USER_PATHS = NO;
				CLANG_ANALYZER_NONNULL = YES;
				CLANG_ANALYZER_NUMBER_OBJECT_CONVERSION = YES_AGGRESSIVE;
				CLANG_CXX_LANGUAGE_STANDARD = "gnu++0x";
				CLANG_CXX_LIBRARY = "libc++";
				CLANG_ENABLE_MODULES = YES;
				CLANG_ENABLE_OBJC_ARC = YES;
				CLANG_WARN_BOOL_CONVERSION = YES;
				CLANG_WARN_CONSTANT_CONVERSION = YES;
				CLANG_WARN_DIRECT_OBJC_ISA_USAGE = YES_ERROR;
				CLANG_WARN_DOCUMENTATION_COMMENTS = YES;
				CLANG_WARN_EMPTY_BODY = YES;
				CLANG_WARN_ENUM_CONVERSION = YES;
				CLANG_WARN_INFINITE_RECURSION = YES;
				CLANG_WARN_INT_CONVERSION = YES;
				CLANG_WARN_OBJC_ROOT_CLASS = YES_ERROR;
				CLANG_WARN_SUSPICIOUS_MOVE = YES;
				CLANG_WARN_UNREACHABLE_CODE = YES;
				CLANG_WARN__DUPLICATE_METHOD_MATCH = YES;
				"CODE_SIGN_IDENTITY[sdk=iphoneos*]" = "iPhone Developer";
				COPY_PHASE_STRIP = NO;
				DEBUG_INFORMATION_FORMAT = "dwarf-with-dsym";
				ENABLE_NS_ASSERTIONS = NO;
				ENABLE_STRICT_OBJC_MSGSEND = YES;
				GCC_C_LANGUAGE_STANDARD = gnu99;
				GCC_NO_COMMON_BLOCKS = YES;
				GCC_WARN_64_TO_32_BIT_CONVERSION = YES;
				GCC_WARN_ABOUT_RETURN_TYPE = YES_ERROR;
				GCC_WARN_UNDECLARED_SELECTOR = YES;
				GCC_WARN_UNINITIALIZED_AUTOS = YES_AGGRESSIVE;
				GCC_WARN_UNUSED_FUNCTION = YES;
				GCC_WARN_UNUSED_VARIABLE = YES;
				IPHONEOS_DEPLOYMENT_TARGET = 10.3;
				MTL_ENABLE_DEBUG_INFO = NO;
				SDKROOT = iphoneos;
				SWIFT_OPTIMIZATION_LEVEL = "-Owholemodule";
				TARGETED_DEVICE_FAMILY = "1,2";
				VALIDATE_PRODUCT = YES;
			};
			name = Release;
		};
		934C798E1ECE39D90003C31C /* Debug */ = {
			isa = XCBuildConfiguration;
			buildSettings = {
				ASSETCATALOG_COMPILER_APPICON_NAME = AppIcon;
				DEVELOPMENT_TEAM = 57H4KPM6R2;
				INFOPLIST_FILE = Pearl/Info.plist;
				LD_RUNPATH_SEARCH_PATHS = "$(inherited) @executable_path/Frameworks";
				PRODUCT_BUNDLE_IDENTIFIER = Otter.Pearl;
				PRODUCT_NAME = "$(TARGET_NAME)";
				SWIFT_VERSION = 3.0;
			};
			name = Debug;
		};
		934C798F1ECE39D90003C31C /* Release */ = {
			isa = XCBuildConfiguration;
			buildSettings = {
				ASSETCATALOG_COMPILER_APPICON_NAME = AppIcon;
				DEVELOPMENT_TEAM = 57H4KPM6R2;
				INFOPLIST_FILE = Pearl/Info.plist;
				LD_RUNPATH_SEARCH_PATHS = "$(inherited) @executable_path/Frameworks";
				PRODUCT_BUNDLE_IDENTIFIER = Otter.Pearl;
				PRODUCT_NAME = "$(TARGET_NAME)";
				SWIFT_VERSION = 3.0;
			};
			name = Release;
		};
/* End XCBuildConfiguration section */

/* Begin XCConfigurationList section */
		934C79731ECE39D90003C31C /* Build configuration list for PBXProject "Pearl" */ = {
			isa = XCConfigurationList;
			buildConfigurations = (
				934C798B1ECE39D90003C31C /* Debug */,
				934C798C1ECE39D90003C31C /* Release */,
			);
			defaultConfigurationIsVisible = 0;
			defaultConfigurationName = Release;
		};
		934C798D1ECE39D90003C31C /* Build configuration list for PBXNativeTarget "Pearl" */ = {
			isa = XCConfigurationList;
			buildConfigurations = (
				934C798E1ECE39D90003C31C /* Debug */,
				934C798F1ECE39D90003C31C /* Release */,
			);
			defaultConfigurationIsVisible = 0;
			defaultConfigurationName = Release;
		};
/* End XCConfigurationList section */

/* Begin XCVersionGroup section */
		934C79821ECE39D90003C31C /* Pearl.xcdatamodeld */ = {
			isa = XCVersionGroup;
			children = (
				934C79831ECE39D90003C31C /* Pearl.xcdatamodel */,
			);
			currentVersion = 934C79831ECE39D90003C31C /* Pearl.xcdatamodel */;
			path = Pearl.xcdatamodeld;
			sourceTree = "<group>";
			versionGroupType = wrapper.xcdatamodel;
		};
/* End XCVersionGroup section */
	};
	rootObject = 934C79701ECE39D90003C31C /* Project object */;
}
